
Microsoft Visual Studio Solution File, Format Version 12.00
# Visual Studio 15
VisualStudioVersion = 15.0.28307.102
MinimumVisualStudioVersion = 10.0.40219.1
Project("{9A19103F-16F7-4668-BE54-9A1E7A4F7556}") = "WebApplication1", "WebApplication1\WebApplication1.csproj", "{40D61F3A-B128-46E5-B0D2-ACB63BC1EA5A}"
EndProject
Global
	GlobalSection(SolutionConfigurationPlatforms) = preSolution
		Debug|Any CPU = Debug|Any CPU
		Release|Any CPU = Release|Any CPU
	EndGlobalSection
	GlobalSection(ProjectConfigurationPlatforms) = postSolution
		{40D61F3A-B128-46E5-B0D2-ACB63BC1EA5A}.Debug|Any CPU.ActiveCfg = Debug|Any CPU
		{40D61F3A-B128-46E5-B0D2-ACB63BC1EA5A}.Debug|Any CPU.Build.0 = Debug|Any CPU
		{40D61F3A-B128-46E5-B0D2-ACB63BC1EA5A}.Release|Any CPU.ActiveCfg = Release|Any CPU
		{40D61F3A-B128-46E5-B0D2-ACB63BC1EA5A}.Release|Any CPU.Build.0 = Release|Any CPU
	EndGlobalSection
	GlobalSection(SolutionProperties) = preSolution
		HideSolutionNode = FALSE
	EndGlobalSection
	GlobalSection(ExtensibilityGlobals) = postSolution
		SolutionGuid = {2207B2F4-C0E9-4123-8DEF-24403FF82B66}
	EndGlobalSection
EndGlobal
